header:
    version: 14
overrides:
    repos:
        meta-mender:
            commit: f5455b66f259a49d78ca96f0730b57f0f6b3a6a5
        meta-openembedded:
            commit: 0560b848996a0feb410a8cd8ca07c60fe2f3b5bc
        meta-rust:
            commit: 9611b42d73c7546c3d845da380943a0a4f4205f0
        meta-tedge:
            commit: 6b434ba1d0b32959d11ac2da61f30cab78df61f6
        poky:
            commit: db3cb6f1138d1765fb64d2415083c8503f318a5f
