header:
    version: 14
overrides:
    repos:
        meta-mender:
            commit: eb5b14577295ec3a15d3b21602ac4607a0cb3ad8
        meta-openembedded:
            commit: 8609de00952d65bb813a48c535c937324efeb18a
        meta-raspberrypi:
            commit: 9dc6673d41044f1174551120ce63501421dbcd85
        meta-rust:
            commit: 9611b42d73c7546c3d845da380943a0a4f4205f0
        meta-tedge:
            commit: 93a6e5f8784c714f97b3aac0a6daaa57e83b93a7
        poky:
            commit: 0b39955d14600257a6eafc211fd68a933c69a0e9
