header:
    version: 14
overrides:
    repos:
        meta-mender:
            commit: eb5b14577295ec3a15d3b21602ac4607a0cb3ad8
        meta-openembedded:
            commit: 402affcc073db39f782c1ebfd718edd5f11eed4c
        meta-raspberrypi:
            commit: 59a6a1b5dd1e21189adec49c61eae04ed3e70338
        meta-rust:
            commit: 9611b42d73c7546c3d845da380943a0a4f4205f0
        meta-tedge:
            commit: 1a4f7f969ef932683d9a29cdad41ed29d474f9e6
        poky:
            commit: 1520bf97aaa9cf1b340c84e35f3cfe4b7641f3bb

