header:
    version: 14
overrides:
    repos:
        meta-mender:
            commit: f1e234a7c16898ec93e7161d29a6875153a70400
        meta-openembedded:
            commit: 5a6f7925bd2b885955c942573f70a5594f231563
        meta-tedge-bin:
            commit: f65638ad1f687cb4d1fcecc44451c0a7b1bf277b
        poky:
            commit: 31751bba1c789f15f574773a659b8017d7bcf440
