header:
    version: 14
overrides:
    repos:
        meta-mender:
            commit: 60db3bb689c956f7b148480b2c7a02351cbe4dbc
        meta-openembedded:
            commit: 5a6f7925bd2b885955c942573f70a5594f231563
        meta-raspberrypi:
            commit: 9dc6673d41044f1174551120ce63501421dbcd85
        meta-rust:
            commit: 9611b42d73c7546c3d845da380943a0a4f4205f0
        meta-tedge:
            commit: 8a5a122c6661f9dcb18b6994d927b25f2ee8c06e
        poky:
            commit: 2b21c6009aa6b955e1a0e7312c3c0ad66557681b
