header:
    version: 14
overrides:
    repos:
        meta-mender:
            commit: 9efa9409684e303472ed9dae749ab663909eb689
        meta-openembedded:
            commit: 4ad41baed6236d499804cbfc4f174042d84fce97
        meta-raspberrypi:
            commit: d7544f35756d87834e8b4bf3e3e733c771d380ae
        meta-rust:
            commit: 6750e846ebcaef9783e11fc6341888235738d238
        meta-tedge:
            commit: 89ce3d130cf1be529edf58c3a876d38afcbe8757
        poky:
            commit: 51bd4260cb9592af4b63059a30f4f977e0a2fad6
