header:
    version: 14
overrides:
    repos:
        meta-openembedded:
            commit: 4ad41baed6236d499804cbfc4f174042d84fce97
        meta-raspberrypi:
            commit: d7544f35756d87834e8b4bf3e3e733c771d380ae
        meta-rauc:
            commit: b27b59e2f9a3a7446f740b10560462076ef07009
        meta-rauc-community:
            commit: c3f3ab4c587f51a74a76546ce2813c8be7c6d128
        meta-tedge:
            commit: 89ce3d130cf1be529edf58c3a876d38afcbe8757
        poky:
            commit: 51bd4260cb9592af4b63059a30f4f977e0a2fad6
