header:
    version: 14
overrides:
    repos:
        meta-openembedded:
            commit: 9a24b7679810628b594cc5a9b52f77f53d37004f
        meta-raspberrypi:
            commit: d7544f35756d87834e8b4bf3e3e733c771d380ae
        meta-rauc:
            commit: b27b59e2f9a3a7446f740b10560462076ef07009
        meta-rauc-community:
            commit: c3f3ab4c587f51a74a76546ce2813c8be7c6d128
        meta-rust:
            commit: a5136be2ba408af1cc8afcde1c8e3d787dadd934
        meta-tedge:
            commit: 794db081ed663ab5b4b19b787bf53a0006c5811d
        poky:
            commit: e938b18b5342bd28eadb44ad39dbf1f5cf5be09b
