header:
    version: 14
overrides:
    repos:
        meta-openembedded:
            commit: 4052c97dc83d0c88fc277d6fc1815e0699020daa
        meta-raspberrypi:
            commit: d7544f35756d87834e8b4bf3e3e733c771d380ae
        meta-rauc:
            commit: 3fb8b639bbed639a98f4cefd383c9a880164eb5c
        meta-rauc-community:
            commit: c3f3ab4c587f51a74a76546ce2813c8be7c6d128
        meta-tedge:
            commit: 18e085137f589c7473a045da2deeb358564992df
        poky:
            commit: 322d4df8cb51b531a998de92298914a6710d7677
