header:
    version: 14
overrides:
    repos:
        meta-mender:
            commit: bd2dcdec7b565a892eadccbcab9d107761eea05a
        meta-openembedded:
            commit: 4052c97dc83d0c88fc277d6fc1815e0699020daa
        meta-rust:
            commit: a5136be2ba408af1cc8afcde1c8e3d787dadd934
        meta-tedge:
            commit: 6f0c6beb7aa21e7f078fc4a6bb5610c2b1dc157e
        poky:
            commit: 322d4df8cb51b531a998de92298914a6710d7677
