header:
    version: 14
overrides:
    repos:
        meta-lts-mixins-go:
            commit: 7b4c22b4114c5789a6cb7d8b0b7c7078cd9f0dc9
        meta-mender:
            commit: 9efa9409684e303472ed9dae749ab663909eb689
        meta-openembedded:
            commit: 4ad41baed6236d499804cbfc4f174042d84fce97
        meta-rust:
            commit: 6750e846ebcaef9783e11fc6341888235738d238
        meta-tedge:
            commit: 25b85a87e0a9f9e76afcff74a2b187e1c6eb33b9
        meta-virtualization:
            commit: c996df33763f292da5e7513c574272d7de23eafc
        poky:
            commit: 51bd4260cb9592af4b63059a30f4f977e0a2fad6
