header:
    version: 14
overrides:
    repos:
        meta-openembedded:
            commit: 70b217ecc812296d98e1aa027a7d182a8019dded
        meta-raspberrypi:
            commit: 9dc6673d41044f1174551120ce63501421dbcd85
        meta-rauc:
            commit: 1ce846097f74acfdd15fef0d64a6fd3eeee3d6f5
        meta-rauc-community:
            commit: c3f3ab4c587f51a74a76546ce2813c8be7c6d128
        meta-rust:
            commit: 9611b42d73c7546c3d845da380943a0a4f4205f0
        meta-tedge:
            commit: 8a5a122c6661f9dcb18b6994d927b25f2ee8c06e
        poky:
            commit: e575d02196b0013c25f8064e4dbe3fc2a0ef72d0
